// !$*UTF8*$!
{
	archiveVersion = 1;
	classes = {
	};
	objectVersion = 46;
	objects = {

/* Begin PBXBuildFile section */
		AD00428F1874100D00B35C6A /* RE_ServiceProviderRegistrationController.m in Sources */ = {isa = PBXBuildFile; fileRef = AD00428E1874100D00B35C6A /* RE_ServiceProviderRegistrationController.m */; };
		AD00429518742D5700B35C6A /* RE_ServiceProviderLoginController.m in Sources */ = {isa = PBXBuildFile; fileRef = AD00429418742D5700B35C6A /* RE_ServiceProviderLoginController.m */; };
		AD0CE0871870CC2B00C2A4ED /* RE_PhotoController.m in Sources */ = {isa = PBXBuildFile; fileRef = AD0CE0861870CC2B00C2A4ED /* RE_PhotoController.m */; };
		AD3A4567185BE73B002759BA /* Foundation.framework in Frameworks */ = {isa = PBXBuildFile; fileRef = AD3A4566185BE73B002759BA /* Foundation.framework */; };
		AD3A4569185BE73B002759BA /* CoreGraphics.framework in Frameworks */ = {isa = PBXBuildFile; fileRef = AD3A4568185BE73B002759BA /* CoreGraphics.framework */; };
		AD3A456B185BE73B002759BA /* UIKit.framework in Frameworks */ = {isa = PBXBuildFile; fileRef = AD3A456A185BE73B002759BA /* UIKit.framework */; };
		AD3A4571185BE73B002759BA /* InfoPlist.strings in Resources */ = {isa = PBXBuildFile; fileRef = AD3A456F185BE73B002759BA /* InfoPlist.strings */; };
		AD3A4573185BE73B002759BA /* main.m in Sources */ = {isa = PBXBuildFile; fileRef = AD3A4572185BE73B002759BA /* main.m */; };
		AD3A4577185BE73B002759BA /* reAppDelegate.m in Sources */ = {isa = PBXBuildFile; fileRef = AD3A4576185BE73B002759BA /* reAppDelegate.m */; };
		AD3A457A185BE73B002759BA /* Main_iPhone.storyboard in Resources */ = {isa = PBXBuildFile; fileRef = AD3A4578185BE73B002759BA /* Main_iPhone.storyboard */; };
		AD3A457D185BE73B002759BA /* Main_iPad.storyboard in Resources */ = {isa = PBXBuildFile; fileRef = AD3A457B185BE73B002759BA /* Main_iPad.storyboard */; };
		AD3A4580185BE73B002759BA /* reViewController.m in Sources */ = {isa = PBXBuildFile; fileRef = AD3A457F185BE73B002759BA /* reViewController.m */; };
		AD3A4582185BE73B002759BA /* Images.xcassets in Resources */ = {isa = PBXBuildFile; fileRef = AD3A4581185BE73B002759BA /* Images.xcassets */; };
		AD3A4589185BE73B002759BA /* XCTest.framework in Frameworks */ = {isa = PBXBuildFile; fileRef = AD3A4588185BE73B002759BA /* XCTest.framework */; };
		AD3A458A185BE73B002759BA /* Foundation.framework in Frameworks */ = {isa = PBXBuildFile; fileRef = AD3A4566185BE73B002759BA /* Foundation.framework */; };
		AD3A458B185BE73B002759BA /* UIKit.framework in Frameworks */ = {isa = PBXBuildFile; fileRef = AD3A456A185BE73B002759BA /* UIKit.framework */; };
		AD3A4593185BE73B002759BA /* InfoPlist.strings in Resources */ = {isa = PBXBuildFile; fileRef = AD3A4591185BE73B002759BA /* InfoPlist.strings */; };
		AD3A4595185BE73B002759BA /* RentEasyTests.m in Sources */ = {isa = PBXBuildFile; fileRef = AD3A4594185BE73B002759BA /* RentEasyTests.m */; };
		AD4483B21884C2B8008A7122 /* ServiceProviderLoginViewController.m in Sources */ = {isa = PBXBuildFile; fileRef = AD4483B11884C2B8008A7122 /* ServiceProviderLoginViewController.m */; };
		AD5E624018664E80006D5729 /* RE_SOTextField.m in Sources */ = {isa = PBXBuildFile; fileRef = AD5E623F18664E80006D5729 /* RE_SOTextField.m */; };
		AD5EB20D1883E47A0026E326 /* Parse.framework in Frameworks */ = {isa = PBXBuildFile; fileRef = AD5EB20C1883E47A0026E326 /* Parse.framework */; };
		AD60B66D185F292E0082E66E /* QuartzCore.framework in Frameworks */ = {isa = PBXBuildFile; fileRef = AD60B66C185F292E0082E66E /* QuartzCore.framework */; };
		AD910C93187D65DF00CFEEBB /* CFNetwork.framework in Frameworks */ = {isa = PBXBuildFile; fileRef = AD910C92187D65DF00CFEEBB /* CFNetwork.framework */; };
		AD910C95187D65FB00CFEEBB /* SystemConfiguration.framework in Frameworks */ = {isa = PBXBuildFile; fileRef = AD910C94187D65FB00CFEEBB /* SystemConfiguration.framework */; };
		AD910C97187D660200CFEEBB /* Security.framework in Frameworks */ = {isa = PBXBuildFile; fileRef = AD910C96187D660200CFEEBB /* Security.framework */; };
		AD93F060188494BC00871031 /* RegistrationViewController.m in Sources */ = {isa = PBXBuildFile; fileRef = AD93F05F188494BC00871031 /* RegistrationViewController.m */; };
		AD93F06218849C3600871031 /* MobileCoreServices.framework in Frameworks */ = {isa = PBXBuildFile; fileRef = AD93F06118849C3600871031 /* MobileCoreServices.framework */; };
		ADAB3A22186EA99600FBBD1A /* RE_AddPropertyControllerViewController.m in Sources */ = {isa = PBXBuildFile; fileRef = ADAB3A21186EA99600FBBD1A /* RE_AddPropertyControllerViewController.m */; };
		ADF24555186D89EA00848410 /* RE_LandlordViewController.m in Sources */ = {isa = PBXBuildFile; fileRef = ADF24554186D89EA00848410 /* RE_LandlordViewController.m */; };
		ADF24558186D8E6A00848410 /* RE_CustomSegue.m in Sources */ = {isa = PBXBuildFile; fileRef = ADF24557186D8E6A00848410 /* RE_CustomSegue.m */; };
		ADF44A9E1862C79F00663E60 /* NSObject+SBJson.m in Sources */ = {isa = PBXBuildFile; fileRef = ADF44A861862C79F00663E60 /* NSObject+SBJson.m */; };
		ADF44A9F1862C79F00663E60 /* SBJsonParser.m in Sources */ = {isa = PBXBuildFile; fileRef = ADF44A891862C79F00663E60 /* SBJsonParser.m */; };
		ADF44AA01862C79F00663E60 /* SBJsonStreamParser.m in Sources */ = {isa = PBXBuildFile; fileRef = ADF44A8B1862C79F00663E60 /* SBJsonStreamParser.m */; };
		ADF44AA11862C79F00663E60 /* SBJsonStreamParserAccumulator.m in Sources */ = {isa = PBXBuildFile; fileRef = ADF44A8D1862C79F00663E60 /* SBJsonStreamParserAccumulator.m */; };
		ADF44AA21862C79F00663E60 /* SBJsonStreamParserAdapter.m in Sources */ = {isa = PBXBuildFile; fileRef = ADF44A8F1862C79F00663E60 /* SBJsonStreamParserAdapter.m */; };
		ADF44AA31862C79F00663E60 /* SBJsonStreamParserState.m in Sources */ = {isa = PBXBuildFile; fileRef = ADF44A911862C79F00663E60 /* SBJsonStreamParserState.m */; };
		ADF44AA41862C79F00663E60 /* SBJsonStreamWriter.m in Sources */ = {isa = PBXBuildFile; fileRef = ADF44A931862C79F00663E60 /* SBJsonStreamWriter.m */; };
		ADF44AA51862C79F00663E60 /* SBJsonStreamWriterAccumulator.m in Sources */ = {isa = PBXBuildFile; fileRef = ADF44A951862C79F00663E60 /* SBJsonStreamWriterAccumulator.m */; };
		ADF44AA61862C79F00663E60 /* SBJsonStreamWriterState.m in Sources */ = {isa = PBXBuildFile; fileRef = ADF44A971862C79F00663E60 /* SBJsonStreamWriterState.m */; };
		ADF44AA71862C79F00663E60 /* SBJsonTokeniser.m in Sources */ = {isa = PBXBuildFile; fileRef = ADF44A991862C79F00663E60 /* SBJsonTokeniser.m */; };
		ADF44AA81862C79F00663E60 /* SBJsonUTF8Stream.m in Sources */ = {isa = PBXBuildFile; fileRef = ADF44A9B1862C79F00663E60 /* SBJsonUTF8Stream.m */; };
		ADF44AA91862C79F00663E60 /* SBJsonWriter.m in Sources */ = {isa = PBXBuildFile; fileRef = ADF44A9D1862C79F00663E60 /* SBJsonWriter.m */; };
/* End PBXBuildFile section */

/* Begin PBXContainerItemProxy section */
		AD3A458C185BE73B002759BA /* PBXContainerItemProxy */ = {
			isa = PBXContainerItemProxy;
			containerPortal = AD3A455B185BE73B002759BA /* Project object */;
			proxyType = 1;
			remoteGlobalIDString = AD3A4562185BE73B002759BA;
			remoteInfo = RentEasy;
		};
/* End PBXContainerItemProxy section */

/* Begin PBXFileReference section */
		AD00428D1874100D00B35C6A /* RE_ServiceProviderRegistrationController.h */ = {isa = PBXFileReference; fileEncoding = 4; lastKnownFileType = sourcecode.c.h; path = RE_ServiceProviderRegistrationController.h; sourceTree = "<group>"; };
		AD00428E1874100D00B35C6A /* RE_ServiceProviderRegistrationController.m */ = {isa = PBXFileReference; fileEncoding = 4; lastKnownFileType = sourcecode.c.objc; path = RE_ServiceProviderRegistrationController.m; sourceTree = "<group>"; };
		AD00429318742D5700B35C6A /* RE_ServiceProviderLoginController.h */ = {isa = PBXFileReference; fileEncoding = 4; lastKnownFileType = sourcecode.c.h; path = RE_ServiceProviderLoginController.h; sourceTree = "<group>"; };
		AD00429418742D5700B35C6A /* RE_ServiceProviderLoginController.m */ = {isa = PBXFileReference; fileEncoding = 4; lastKnownFileType = sourcecode.c.objc; path = RE_ServiceProviderLoginController.m; sourceTree = "<group>"; };
		AD0CE0851870CC2B00C2A4ED /* RE_PhotoController.h */ = {isa = PBXFileReference; fileEncoding = 4; lastKnownFileType = sourcecode.c.h; path = RE_PhotoController.h; sourceTree = "<group>"; };
		AD0CE0861870CC2B00C2A4ED /* RE_PhotoController.m */ = {isa = PBXFileReference; fileEncoding = 4; lastKnownFileType = sourcecode.c.objc; path = RE_PhotoController.m; sourceTree = "<group>"; };
		AD1959CF187E8F5C00F98DEE /* SenTestingKit.framework */ = {isa = PBXFileReference; lastKnownFileType = wrapper.framework; name = SenTestingKit.framework; path = Library/Frameworks/SenTestingKit.framework; sourceTree = DEVELOPER_DIR; };
		AD3A4563185BE73B002759BA /* RentEasy.app */ = {isa = PBXFileReference; explicitFileType = wrapper.application; includeInIndex = 0; path = RentEasy.app; sourceTree = BUILT_PRODUCTS_DIR; };
		AD3A4566185BE73B002759BA /* Foundation.framework */ = {isa = PBXFileReference; lastKnownFileType = wrapper.framework; name = Foundation.framework; path = System/Library/Frameworks/Foundation.framework; sourceTree = SDKROOT; };
		AD3A4568185BE73B002759BA /* CoreGraphics.framework */ = {isa = PBXFileReference; lastKnownFileType = wrapper.framework; name = CoreGraphics.framework; path = System/Library/Frameworks/CoreGraphics.framework; sourceTree = SDKROOT; };
		AD3A456A185BE73B002759BA /* UIKit.framework */ = {isa = PBXFileReference; lastKnownFileType = wrapper.framework; name = UIKit.framework; path = System/Library/Frameworks/UIKit.framework; sourceTree = SDKROOT; };
		AD3A456E185BE73B002759BA /* RentEasy-Info.plist */ = {isa = PBXFileReference; lastKnownFileType = text.plist.xml; path = "RentEasy-Info.plist"; sourceTree = "<group>"; };
		AD3A4570185BE73B002759BA /* en */ = {isa = PBXFileReference; lastKnownFileType = text.plist.strings; name = en; path = en.lproj/InfoPlist.strings; sourceTree = "<group>"; };
		AD3A4572185BE73B002759BA /* main.m */ = {isa = PBXFileReference; lastKnownFileType = sourcecode.c.objc; path = main.m; sourceTree = "<group>"; };
		AD3A4574185BE73B002759BA /* RentEasy-Prefix.pch */ = {isa = PBXFileReference; lastKnownFileType = sourcecode.c.h; path = "RentEasy-Prefix.pch"; sourceTree = "<group>"; };
		AD3A4575185BE73B002759BA /* reAppDelegate.h */ = {isa = PBXFileReference; lastKnownFileType = sourcecode.c.h; path = reAppDelegate.h; sourceTree = "<group>"; };
		AD3A4576185BE73B002759BA /* reAppDelegate.m */ = {isa = PBXFileReference; lastKnownFileType = sourcecode.c.objc; path = reAppDelegate.m; sourceTree = "<group>"; };
		AD3A4579185BE73B002759BA /* Base */ = {isa = PBXFileReference; lastKnownFileType = file.storyboard; name = Base; path = Base.lproj/Main_iPhone.storyboard; sourceTree = "<group>"; };
		AD3A457C185BE73B002759BA /* Base */ = {isa = PBXFileReference; lastKnownFileType = file.storyboard; name = Base; path = Base.lproj/Main_iPad.storyboard; sourceTree = "<group>"; };
		AD3A457E185BE73B002759BA /* reViewController.h */ = {isa = PBXFileReference; lastKnownFileType = sourcecode.c.h; path = reViewController.h; sourceTree = "<group>"; };
		AD3A457F185BE73B002759BA /* reViewController.m */ = {isa = PBXFileReference; lastKnownFileType = sourcecode.c.objc; path = reViewController.m; sourceTree = "<group>"; };
		AD3A4581185BE73B002759BA /* Images.xcassets */ = {isa = PBXFileReference; lastKnownFileType = folder.assetcatalog; path = Images.xcassets; sourceTree = "<group>"; };
		AD3A4587185BE73B002759BA /* RentEasyTests.xctest */ = {isa = PBXFileReference; explicitFileType = wrapper.cfbundle; includeInIndex = 0; path = RentEasyTests.xctest; sourceTree = BUILT_PRODUCTS_DIR; };
		AD3A4588185BE73B002759BA /* XCTest.framework */ = {isa = PBXFileReference; lastKnownFileType = wrapper.framework; name = XCTest.framework; path = Library/Frameworks/XCTest.framework; sourceTree = DEVELOPER_DIR; };
		AD3A4590185BE73B002759BA /* RentEasyTests-Info.plist */ = {isa = PBXFileReference; lastKnownFileType = text.plist.xml; path = "RentEasyTests-Info.plist"; sourceTree = "<group>"; };
		AD3A4592185BE73B002759BA /* en */ = {isa = PBXFileReference; lastKnownFileType = text.plist.strings; name = en; path = en.lproj/InfoPlist.strings; sourceTree = "<group>"; };
		AD3A4594185BE73B002759BA /* RentEasyTests.m */ = {isa = PBXFileReference; lastKnownFileType = sourcecode.c.objc; path = RentEasyTests.m; sourceTree = "<group>"; };
		AD4483B01884C2B8008A7122 /* ServiceProviderLoginViewController.h */ = {isa = PBXFileReference; fileEncoding = 4; lastKnownFileType = sourcecode.c.h; path = ServiceProviderLoginViewController.h; sourceTree = "<group>"; };
		AD4483B11884C2B8008A7122 /* ServiceProviderLoginViewController.m */ = {isa = PBXFileReference; fileEncoding = 4; lastKnownFileType = sourcecode.c.objc; path = ServiceProviderLoginViewController.m; sourceTree = "<group>"; };
		AD5E623E18664E80006D5729 /* RE_SOTextField.h */ = {isa = PBXFileReference; fileEncoding = 4; lastKnownFileType = sourcecode.c.h; name = RE_SOTextField.h; path = ../RE_SOTextField.h; sourceTree = "<group>"; };
		AD5E623F18664E80006D5729 /* RE_SOTextField.m */ = {isa = PBXFileReference; fileEncoding = 4; lastKnownFileType = sourcecode.c.objc; name = RE_SOTextField.m; path = ../RE_SOTextField.m; sourceTree = "<group>"; };
		AD5EB20C1883E47A0026E326 /* Parse.framework */ = {isa = PBXFileReference; lastKnownFileType = wrapper.framework; path = Parse.framework; sourceTree = "<group>"; };
		AD60B66C185F292E0082E66E /* QuartzCore.framework */ = {isa = PBXFileReference; lastKnownFileType = wrapper.framework; name = QuartzCore.framework; path = System/Library/Frameworks/QuartzCore.framework; sourceTree = SDKROOT; };
		AD910C92187D65DF00CFEEBB /* CFNetwork.framework */ = {isa = PBXFileReference; lastKnownFileType = wrapper.framework; name = CFNetwork.framework; path = System/Library/Frameworks/CFNetwork.framework; sourceTree = SDKROOT; };
		AD910C94187D65FB00CFEEBB /* SystemConfiguration.framework */ = {isa = PBXFileReference; lastKnownFileType = wrapper.framework; name = SystemConfiguration.framework; path = System/Library/Frameworks/SystemConfiguration.framework; sourceTree = SDKROOT; };
		AD910C96187D660200CFEEBB /* Security.framework */ = {isa = PBXFileReference; lastKnownFileType = wrapper.framework; name = Security.framework; path = System/Library/Frameworks/Security.framework; sourceTree = SDKROOT; };
		AD93F05E188494BC00871031 /* RegistrationViewController.h */ = {isa = PBXFileReference; fileEncoding = 4; lastKnownFileType = sourcecode.c.h; path = RegistrationViewController.h; sourceTree = "<group>"; };
		AD93F05F188494BC00871031 /* RegistrationViewController.m */ = {isa = PBXFileReference; fileEncoding = 4; lastKnownFileType = sourcecode.c.objc; path = RegistrationViewController.m; sourceTree = "<group>"; };
		AD93F06118849C3600871031 /* MobileCoreServices.framework */ = {isa = PBXFileReference; lastKnownFileType = wrapper.framework; name = MobileCoreServices.framework; path = System/Library/Frameworks/MobileCoreServices.framework; sourceTree = SDKROOT; };
		ADAB3A20186EA99600FBBD1A /* RE_AddPropertyControllerViewController.h */ = {isa = PBXFileReference; fileEncoding = 4; lastKnownFileType = sourcecode.c.h; path = RE_AddPropertyControllerViewController.h; sourceTree = "<group>"; };
		ADAB3A21186EA99600FBBD1A /* RE_AddPropertyControllerViewController.m */ = {isa = PBXFileReference; fileEncoding = 4; lastKnownFileType = sourcecode.c.objc; path = RE_AddPropertyControllerViewController.m; sourceTree = "<group>"; };
		ADF24553186D89EA00848410 /* RE_LandlordViewController.h */ = {isa = PBXFileReference; fileEncoding = 4; lastKnownFileType = sourcecode.c.h; path = RE_LandlordViewController.h; sourceTree = "<group>"; };
		ADF24554186D89EA00848410 /* RE_LandlordViewController.m */ = {isa = PBXFileReference; fileEncoding = 4; lastKnownFileType = sourcecode.c.objc; path = RE_LandlordViewController.m; sourceTree = "<group>"; };
		ADF24556186D8E6A00848410 /* RE_CustomSegue.h */ = {isa = PBXFileReference; fileEncoding = 4; lastKnownFileType = sourcecode.c.h; path = RE_CustomSegue.h; sourceTree = "<group>"; };
		ADF24557186D8E6A00848410 /* RE_CustomSegue.m */ = {isa = PBXFileReference; fileEncoding = 4; lastKnownFileType = sourcecode.c.objc; path = RE_CustomSegue.m; sourceTree = "<group>"; };
		ADF44A851862C79F00663E60 /* NSObject+SBJson.h */ = {isa = PBXFileReference; fileEncoding = 4; lastKnownFileType = sourcecode.c.h; path = "NSObject+SBJson.h"; sourceTree = "<group>"; };
		ADF44A861862C79F00663E60 /* NSObject+SBJson.m */ = {isa = PBXFileReference; fileEncoding = 4; lastKnownFileType = sourcecode.c.objc; path = "NSObject+SBJson.m"; sourceTree = "<group>"; };
		ADF44A871862C79F00663E60 /* SBJson.h */ = {isa = PBXFileReference; fileEncoding = 4; lastKnownFileType = sourcecode.c.h; path = SBJson.h; sourceTree = "<group>"; };
		ADF44A881862C79F00663E60 /* SBJsonParser.h */ = {isa = PBXFileReference; fileEncoding = 4; lastKnownFileType = sourcecode.c.h; path = SBJsonParser.h; sourceTree = "<group>"; };
		ADF44A891862C79F00663E60 /* SBJsonParser.m */ = {isa = PBXFileReference; fileEncoding = 4; lastKnownFileType = sourcecode.c.objc; path = SBJsonParser.m; sourceTree = "<group>"; };
		ADF44A8A1862C79F00663E60 /* SBJsonStreamParser.h */ = {isa = PBXFileReference; fileEncoding = 4; lastKnownFileType = sourcecode.c.h; path = SBJsonStreamParser.h; sourceTree = "<group>"; };
		ADF44A8B1862C79F00663E60 /* SBJsonStreamParser.m */ = {isa = PBXFileReference; fileEncoding = 4; lastKnownFileType = sourcecode.c.objc; path = SBJsonStreamParser.m; sourceTree = "<group>"; };
		ADF44A8C1862C79F00663E60 /* SBJsonStreamParserAccumulator.h */ = {isa = PBXFileReference; fileEncoding = 4; lastKnownFileType = sourcecode.c.h; path = SBJsonStreamParserAccumulator.h; sourceTree = "<group>"; };
		ADF44A8D1862C79F00663E60 /* SBJsonStreamParserAccumulator.m */ = {isa = PBXFileReference; fileEncoding = 4; lastKnownFileType = sourcecode.c.objc; path = SBJsonStreamParserAccumulator.m; sourceTree = "<group>"; };
		ADF44A8E1862C79F00663E60 /* SBJsonStreamParserAdapter.h */ = {isa = PBXFileReference; fileEncoding = 4; lastKnownFileType = sourcecode.c.h; path = SBJsonStreamParserAdapter.h; sourceTree = "<group>"; };
		ADF44A8F1862C79F00663E60 /* SBJsonStreamParserAdapter.m */ = {isa = PBXFileReference; fileEncoding = 4; lastKnownFileType = sourcecode.c.objc; path = SBJsonStreamParserAdapter.m; sourceTree = "<group>"; };
		ADF44A901862C79F00663E60 /* SBJsonStreamParserState.h */ = {isa = PBXFileReference; fileEncoding = 4; lastKnownFileType = sourcecode.c.h; path = SBJsonStreamParserState.h; sourceTree = "<group>"; };
		ADF44A911862C79F00663E60 /* SBJsonStreamParserState.m */ = {isa = PBXFileReference; fileEncoding = 4; lastKnownFileType = sourcecode.c.objc; path = SBJsonStreamParserState.m; sourceTree = "<group>"; };
		ADF44A921862C79F00663E60 /* SBJsonStreamWriter.h */ = {isa = PBXFileReference; fileEncoding = 4; lastKnownFileType = sourcecode.c.h; path = SBJsonStreamWriter.h; sourceTree = "<group>"; };
		ADF44A931862C79F00663E60 /* SBJsonStreamWriter.m */ = {isa = PBXFileReference; fileEncoding = 4; lastKnownFileType = sourcecode.c.objc; path = SBJsonStreamWriter.m; sourceTree = "<group>"; };
		ADF44A941862C79F00663E60 /* SBJsonStreamWriterAccumulator.h */ = {isa = PBXFileReference; fileEncoding = 4; lastKnownFileType = sourcecode.c.h; path = SBJsonStreamWriterAccumulator.h; sourceTree = "<group>"; };
		ADF44A951862C79F00663E60 /* SBJsonStreamWriterAccumulator.m */ = {isa = PBXFileReference; fileEncoding = 4; lastKnownFileType = sourcecode.c.objc; path = SBJsonStreamWriterAccumulator.m; sourceTree = "<group>"; };
		ADF44A961862C79F00663E60 /* SBJsonStreamWriterState.h */ = {isa = PBXFileReference; fileEncoding = 4; lastKnownFileType = sourcecode.c.h; path = SBJsonStreamWriterState.h; sourceTree = "<group>"; };
		ADF44A971862C79F00663E60 /* SBJsonStreamWriterState.m */ = {isa = PBXFileReference; fileEncoding = 4; lastKnownFileType = sourcecode.c.objc; path = SBJsonStreamWriterState.m; sourceTree = "<group>"; };
		ADF44A981862C79F00663E60 /* SBJsonTokeniser.h */ = {isa = PBXFileReference; fileEncoding = 4; lastKnownFileType = sourcecode.c.h; path = SBJsonTokeniser.h; sourceTree = "<group>"; };
		ADF44A991862C79F00663E60 /* SBJsonTokeniser.m */ = {isa = PBXFileReference; fileEncoding = 4; lastKnownFileType = sourcecode.c.objc; path = SBJsonTokeniser.m; sourceTree = "<group>"; };
		ADF44A9A1862C79F00663E60 /* SBJsonUTF8Stream.h */ = {isa = PBXFileReference; fileEncoding = 4; lastKnownFileType = sourcecode.c.h; path = SBJsonUTF8Stream.h; sourceTree = "<group>"; };
		ADF44A9B1862C79F00663E60 /* SBJsonUTF8Stream.m */ = {isa = PBXFileReference; fileEncoding = 4; lastKnownFileType = sourcecode.c.objc; path = SBJsonUTF8Stream.m; sourceTree = "<group>"; };
		ADF44A9C1862C79F00663E60 /* SBJsonWriter.h */ = {isa = PBXFileReference; fileEncoding = 4; lastKnownFileType = sourcecode.c.h; path = SBJsonWriter.h; sourceTree = "<group>"; };
		ADF44A9D1862C79F00663E60 /* SBJsonWriter.m */ = {isa = PBXFileReference; fileEncoding = 4; lastKnownFileType = sourcecode.c.objc; path = SBJsonWriter.m; sourceTree = "<group>"; };
/* End PBXFileReference section */

/* Begin PBXFrameworksBuildPhase section */
		AD3A4560185BE73B002759BA /* Frameworks */ = {
			isa = PBXFrameworksBuildPhase;
			buildActionMask = 2147483647;
			files = (
				AD93F06218849C3600871031 /* MobileCoreServices.framework in Frameworks */,
				AD910C97187D660200CFEEBB /* Security.framework in Frameworks */,
				AD910C95187D65FB00CFEEBB /* SystemConfiguration.framework in Frameworks */,
				AD910C93187D65DF00CFEEBB /* CFNetwork.framework in Frameworks */,
				AD60B66D185F292E0082E66E /* QuartzCore.framework in Frameworks */,
				AD3A4569185BE73B002759BA /* CoreGraphics.framework in Frameworks */,
				AD3A456B185BE73B002759BA /* UIKit.framework in Frameworks */,
				AD5EB20D1883E47A0026E326 /* Parse.framework in Frameworks */,
				AD3A4567185BE73B002759BA /* Foundation.framework in Frameworks */,
			);
			runOnlyForDeploymentPostprocessing = 0;
		};
		AD3A4584185BE73B002759BA /* Frameworks */ = {
			isa = PBXFrameworksBuildPhase;
			buildActionMask = 2147483647;
			files = (
				AD3A4589185BE73B002759BA /* XCTest.framework in Frameworks */,
				AD3A458B185BE73B002759BA /* UIKit.framework in Frameworks */,
				AD3A458A185BE73B002759BA /* Foundation.framework in Frameworks */,
			);
			runOnlyForDeploymentPostprocessing = 0;
		};
/* End PBXFrameworksBuildPhase section */

/* Begin PBXGroup section */
		AD3A455A185BE73B002759BA = {
			isa = PBXGroup;
			children = (
				ADF44A841862C78400663E60 /* JSON */,
				AD3A456C185BE73B002759BA /* RentEasy */,
				AD3A458E185BE73B002759BA /* RentEasyTests */,
				AD3A4565185BE73B002759BA /* Frameworks */,
				AD3A4564185BE73B002759BA /* Products */,
			);
			sourceTree = "<group>";
		};
		AD3A4564185BE73B002759BA /* Products */ = {
			isa = PBXGroup;
			children = (
				AD3A4563185BE73B002759BA /* RentEasy.app */,
				AD3A4587185BE73B002759BA /* RentEasyTests.xctest */,
			);
			name = Products;
			sourceTree = "<group>";
		};
		AD3A4565185BE73B002759BA /* Frameworks */ = {
			isa = PBXGroup;
			children = (
				AD93F06118849C3600871031 /* MobileCoreServices.framework */,
				AD5EB20C1883E47A0026E326 /* Parse.framework */,
				AD1959CF187E8F5C00F98DEE /* SenTestingKit.framework */,
				AD910C96187D660200CFEEBB /* Security.framework */,
				AD910C94187D65FB00CFEEBB /* SystemConfiguration.framework */,
				AD910C92187D65DF00CFEEBB /* CFNetwork.framework */,
				AD60B66C185F292E0082E66E /* QuartzCore.framework */,
				AD3A4566185BE73B002759BA /* Foundation.framework */,
				AD3A4568185BE73B002759BA /* CoreGraphics.framework */,
				AD3A456A185BE73B002759BA /* UIKit.framework */,
				AD3A4588185BE73B002759BA /* XCTest.framework */,
			);
			name = Frameworks;
			sourceTree = "<group>";
		};
		AD3A456C185BE73B002759BA /* RentEasy */ = {
			isa = PBXGroup;
			children = (
				AD93F05E188494BC00871031 /* RegistrationViewController.h */,
				AD93F05F188494BC00871031 /* RegistrationViewController.m */,
				AD5E623E18664E80006D5729 /* RE_SOTextField.h */,
				AD5E623F18664E80006D5729 /* RE_SOTextField.m */,
				AD3A4575185BE73B002759BA /* reAppDelegate.h */,
				AD3A4576185BE73B002759BA /* reAppDelegate.m */,
				AD3A4578185BE73B002759BA /* Main_iPhone.storyboard */,
				AD00429318742D5700B35C6A /* RE_ServiceProviderLoginController.h */,
				AD00429418742D5700B35C6A /* RE_ServiceProviderLoginController.m */,
				AD0CE0851870CC2B00C2A4ED /* RE_PhotoController.h */,
				AD0CE0861870CC2B00C2A4ED /* RE_PhotoController.m */,
				AD3A457B185BE73B002759BA /* Main_iPad.storyboard */,
				AD3A457E185BE73B002759BA /* reViewController.h */,
				AD3A457F185BE73B002759BA /* reViewController.m */,
				AD3A4581185BE73B002759BA /* Images.xcassets */,
				AD3A456D185BE73B002759BA /* Supporting Files */,
				AD00428D1874100D00B35C6A /* RE_ServiceProviderRegistrationController.h */,
				AD00428E1874100D00B35C6A /* RE_ServiceProviderRegistrationController.m */,
				ADF24556186D8E6A00848410 /* RE_CustomSegue.h */,
				ADF24557186D8E6A00848410 /* RE_CustomSegue.m */,
				ADF24553186D89EA00848410 /* RE_LandlordViewController.h */,
				ADF24554186D89EA00848410 /* RE_LandlordViewController.m */,
				ADAB3A20186EA99600FBBD1A /* RE_AddPropertyControllerViewController.h */,
				ADAB3A21186EA99600FBBD1A /* RE_AddPropertyControllerViewController.m */,
				AD4483B01884C2B8008A7122 /* ServiceProviderLoginViewController.h */,
				AD4483B11884C2B8008A7122 /* ServiceProviderLoginViewController.m */,
			);
			path = RentEasy;
			sourceTree = "<group>";
		};
		AD3A456D185BE73B002759BA /* Supporting Files */ = {
			isa = PBXGroup;
			children = (
				AD3A456E185BE73B002759BA /* RentEasy-Info.plist */,
				AD3A456F185BE73B002759BA /* InfoPlist.strings */,
				AD3A4572185BE73B002759BA /* main.m */,
				AD3A4574185BE73B002759BA /* RentEasy-Prefix.pch */,
			);
			name = "Supporting Files";
			sourceTree = "<group>";
		};
		AD3A458E185BE73B002759BA /* RentEasyTests */ = {
			isa = PBXGroup;
			children = (
				AD3A4594185BE73B002759BA /* RentEasyTests.m */,
				AD3A458F185BE73B002759BA /* Supporting Files */,
			);
			path = RentEasyTests;
			sourceTree = "<group>";
		};
		AD3A458F185BE73B002759BA /* Supporting Files */ = {
			isa = PBXGroup;
			children = (
				AD3A4590185BE73B002759BA /* RentEasyTests-Info.plist */,
				AD3A4591185BE73B002759BA /* InfoPlist.strings */,
			);
			name = "Supporting Files";
			sourceTree = "<group>";
		};
		ADF44A841862C78400663E60 /* JSON */ = {
			isa = PBXGroup;
			children = (
				ADF44A851862C79F00663E60 /* NSObject+SBJson.h */,
				ADF44A861862C79F00663E60 /* NSObject+SBJson.m */,
				ADF44A871862C79F00663E60 /* SBJson.h */,
				ADF44A881862C79F00663E60 /* SBJsonParser.h */,
				ADF44A891862C79F00663E60 /* SBJsonParser.m */,
				ADF44A8A1862C79F00663E60 /* SBJsonStreamParser.h */,
				ADF44A8B1862C79F00663E60 /* SBJsonStreamParser.m */,
				ADF44A8C1862C79F00663E60 /* SBJsonStreamParserAccumulator.h */,
				ADF44A8D1862C79F00663E60 /* SBJsonStreamParserAccumulator.m */,
				ADF44A8E1862C79F00663E60 /* SBJsonStreamParserAdapter.h */,
				ADF44A8F1862C79F00663E60 /* SBJsonStreamParserAdapter.m */,
				ADF44A901862C79F00663E60 /* SBJsonStreamParserState.h */,
				ADF44A911862C79F00663E60 /* SBJsonStreamParserState.m */,
				ADF44A921862C79F00663E60 /* SBJsonStreamWriter.h */,
				ADF44A931862C79F00663E60 /* SBJsonStreamWriter.m */,
				ADF44A941862C79F00663E60 /* SBJsonStreamWriterAccumulator.h */,
				ADF44A951862C79F00663E60 /* SBJsonStreamWriterAccumulator.m */,
				ADF44A961862C79F00663E60 /* SBJsonStreamWriterState.h */,
				ADF44A971862C79F00663E60 /* SBJsonStreamWriterState.m */,
				ADF44A981862C79F00663E60 /* SBJsonTokeniser.h */,
				ADF44A991862C79F00663E60 /* SBJsonTokeniser.m */,
				ADF44A9A1862C79F00663E60 /* SBJsonUTF8Stream.h */,
				ADF44A9B1862C79F00663E60 /* SBJsonUTF8Stream.m */,
				ADF44A9C1862C79F00663E60 /* SBJsonWriter.h */,
				ADF44A9D1862C79F00663E60 /* SBJsonWriter.m */,
			);
			name = JSON;
			sourceTree = "<group>";
		};
/* End PBXGroup section */

/* Begin PBXNativeTarget section */
		AD3A4562185BE73B002759BA /* RentEasy */ = {
			isa = PBXNativeTarget;
			buildConfigurationList = AD3A4598185BE73B002759BA /* Build configuration list for PBXNativeTarget "RentEasy" */;
			buildPhases = (
				AD3A455F185BE73B002759BA /* Sources */,
				AD3A4560185BE73B002759BA /* Frameworks */,
				AD3A4561185BE73B002759BA /* Resources */,
			);
			buildRules = (
			);
			dependencies = (
			);
			name = RentEasy;
			productName = RentEasy;
			productReference = AD3A4563185BE73B002759BA /* RentEasy.app */;
			productType = "com.apple.product-type.application";
		};
		AD3A4586185BE73B002759BA /* RentEasyTests */ = {
			isa = PBXNativeTarget;
			buildConfigurationList = AD3A459B185BE73B002759BA /* Build configuration list for PBXNativeTarget "RentEasyTests" */;
			buildPhases = (
				AD3A4583185BE73B002759BA /* Sources */,
				AD3A4584185BE73B002759BA /* Frameworks */,
				AD3A4585185BE73B002759BA /* Resources */,
			);
			buildRules = (
			);
			dependencies = (
				AD3A458D185BE73B002759BA /* PBXTargetDependency */,
			);
			name = RentEasyTests;
			productName = RentEasyTests;
			productReference = AD3A4587185BE73B002759BA /* RentEasyTests.xctest */;
			productType = "com.apple.product-type.bundle.unit-test";
		};
/* End PBXNativeTarget section */

/* Begin PBXProject section */
		AD3A455B185BE73B002759BA /* Project object */ = {
			isa = PBXProject;
			attributes = {
				CLASSPREFIX = re;
				LastUpgradeCheck = 0500;
				ORGANIZATIONNAME = "Rachel Mills";
				TargetAttributes = {
					AD3A4586185BE73B002759BA = {
						TestTargetID = AD3A4562185BE73B002759BA;
					};
				};
			};
			buildConfigurationList = AD3A455E185BE73B002759BA /* Build configuration list for PBXProject "RentEasy" */;
			compatibilityVersion = "Xcode 3.2";
			developmentRegion = English;
			hasScannedForEncodings = 0;
			knownRegions = (
				en,
				Base,
			);
			mainGroup = AD3A455A185BE73B002759BA;
			productRefGroup = AD3A4564185BE73B002759BA /* Products */;
			projectDirPath = "";
			projectRoot = "";
			targets = (
				AD3A4562185BE73B002759BA /* RentEasy */,
				AD3A4586185BE73B002759BA /* RentEasyTests */,
			);
		};
/* End PBXProject section */

/* Begin PBXResourcesBuildPhase section */
		AD3A4561185BE73B002759BA /* Resources */ = {
			isa = PBXResourcesBuildPhase;
			buildActionMask = 2147483647;
			files = (
				AD3A457D185BE73B002759BA /* Main_iPad.storyboard in Resources */,
				AD3A4582185BE73B002759BA /* Images.xcassets in Resources */,
				AD3A457A185BE73B002759BA /* Main_iPhone.storyboard in Resources */,
				AD3A4571185BE73B002759BA /* InfoPlist.strings in Resources */,
			);
			runOnlyForDeploymentPostprocessing = 0;
		};
		AD3A4585185BE73B002759BA /* Resources */ = {
			isa = PBXResourcesBuildPhase;
			buildActionMask = 2147483647;
			files = (
				AD3A4593185BE73B002759BA /* InfoPlist.strings in Resources */,
			);
			runOnlyForDeploymentPostprocessing = 0;
		};
/* End PBXResourcesBuildPhase section */

/* Begin PBXSourcesBuildPhase section */
		AD3A455F185BE73B002759BA /* Sources */ = {
			isa = PBXSourcesBuildPhase;
			buildActionMask = 2147483647;
			files = (
				ADF44AA31862C79F00663E60 /* SBJsonStreamParserState.m in Sources */,
				ADF44A9F1862C79F00663E60 /* SBJsonParser.m in Sources */,
				ADF44AA21862C79F00663E60 /* SBJsonStreamParserAdapter.m in Sources */,
				AD00429518742D5700B35C6A /* RE_ServiceProviderLoginController.m in Sources */,
				AD0CE0871870CC2B00C2A4ED /* RE_PhotoController.m in Sources */,
				AD3A4573185BE73B002759BA /* main.m in Sources */,
				ADF44AA11862C79F00663E60 /* SBJsonStreamParserAccumulator.m in Sources */,
				AD3A4580185BE73B002759BA /* reViewController.m in Sources */,
				AD3A4577185BE73B002759BA /* reAppDelegate.m in Sources */,
				ADF24555186D89EA00848410 /* RE_LandlordViewController.m in Sources */,
				ADF24558186D8E6A00848410 /* RE_CustomSegue.m in Sources */,
				AD93F060188494BC00871031 /* RegistrationViewController.m in Sources */,
				ADF44AA61862C79F00663E60 /* SBJsonStreamWriterState.m in Sources */,
				ADF44AA41862C79F00663E60 /* SBJsonStreamWriter.m in Sources */,
				AD4483B21884C2B8008A7122 /* ServiceProviderLoginViewController.m in Sources */,
				ADF44AA51862C79F00663E60 /* SBJsonStreamWriterAccumulator.m in Sources */,
				ADAB3A22186EA99600FBBD1A /* RE_AddPropertyControllerViewController.m in Sources */,
				ADF44AA71862C79F00663E60 /* SBJsonTokeniser.m in Sources */,
				AD5E624018664E80006D5729 /* RE_SOTextField.m in Sources */,
				ADF44A9E1862C79F00663E60 /* NSObject+SBJson.m in Sources */,
				ADF44AA01862C79F00663E60 /* SBJsonStreamParser.m in Sources */,
				ADF44AA81862C79F00663E60 /* SBJsonUTF8Stream.m in Sources */,
				AD00428F1874100D00B35C6A /* RE_ServiceProviderRegistrationController.m in Sources */,
				ADF44AA91862C79F00663E60 /* SBJsonWriter.m in Sources */,
			);
			runOnlyForDeploymentPostprocessing = 0;
		};
		AD3A4583185BE73B002759BA /* Sources */ = {
			isa = PBXSourcesBuildPhase;
			buildActionMask = 2147483647;
			files = (
				AD3A4595185BE73B002759BA /* RentEasyTests.m in Sources */,
			);
			runOnlyForDeploymentPostprocessing = 0;
		};
/* End PBXSourcesBuildPhase section */

/* Begin PBXTargetDependency section */
		AD3A458D185BE73B002759BA /* PBXTargetDependency */ = {
			isa = PBXTargetDependency;
			target = AD3A4562185BE73B002759BA /* RentEasy */;
			targetProxy = AD3A458C185BE73B002759BA /* PBXContainerItemProxy */;
		};
/* End PBXTargetDependency section */

/* Begin PBXVariantGroup section */
		AD3A456F185BE73B002759BA /* InfoPlist.strings */ = {
			isa = PBXVariantGroup;
			children = (
				AD3A4570185BE73B002759BA /* en */,
			);
			name = InfoPlist.strings;
			sourceTree = "<group>";
		};
		AD3A4578185BE73B002759BA /* Main_iPhone.storyboard */ = {
			isa = PBXVariantGroup;
			children = (
				AD3A4579185BE73B002759BA /* Base */,
			);
			name = Main_iPhone.storyboard;
			sourceTree = "<group>";
		};
		AD3A457B185BE73B002759BA /* Main_iPad.storyboard */ = {
			isa = PBXVariantGroup;
			children = (
				AD3A457C185BE73B002759BA /* Base */,
			);
			name = Main_iPad.storyboard;
			sourceTree = "<group>";
		};
		AD3A4591185BE73B002759BA /* InfoPlist.strings */ = {
			isa = PBXVariantGroup;
			children = (
				AD3A4592185BE73B002759BA /* en */,
			);
			name = InfoPlist.strings;
			sourceTree = "<group>";
		};
/* End PBXVariantGroup section */

/* Begin XCBuildConfiguration section */
		AD3A4596185BE73B002759BA /* Debug */ = {
			isa = XCBuildConfiguration;
			buildSettings = {
				ALWAYS_SEARCH_USER_PATHS = NO;
				ARCHS = "$(ARCHS_STANDARD_INCLUDING_64_BIT)";
				CLANG_CXX_LANGUAGE_STANDARD = "gnu++0x";
				CLANG_CXX_LIBRARY = "libc++";
				CLANG_ENABLE_MODULES = YES;
				CLANG_ENABLE_OBJC_ARC = YES;
				CLANG_WARN_BOOL_CONVERSION = YES;
				CLANG_WARN_CONSTANT_CONVERSION = YES;
				CLANG_WARN_DIRECT_OBJC_ISA_USAGE = YES_ERROR;
				CLANG_WARN_EMPTY_BODY = YES;
				CLANG_WARN_ENUM_CONVERSION = YES;
				CLANG_WARN_INT_CONVERSION = YES;
				CLANG_WARN_OBJC_ROOT_CLASS = YES_ERROR;
				CLANG_WARN__DUPLICATE_METHOD_MATCH = YES;
				"CODE_SIGN_IDENTITY[sdk=iphoneos*]" = "iPhone Developer";
				COPY_PHASE_STRIP = NO;
				GCC_C_LANGUAGE_STANDARD = gnu99;
				GCC_DYNAMIC_NO_PIC = NO;
				GCC_OPTIMIZATION_LEVEL = 0;
				GCC_PREPROCESSOR_DEFINITIONS = (
					"DEBUG=1",
					"$(inherited)",
				);
				GCC_SYMBOLS_PRIVATE_EXTERN = NO;
				GCC_WARN_64_TO_32_BIT_CONVERSION = YES;
				GCC_WARN_ABOUT_RETURN_TYPE = YES_ERROR;
				GCC_WARN_UNDECLARED_SELECTOR = YES;
				GCC_WARN_UNINITIALIZED_AUTOS = YES;
				GCC_WARN_UNUSED_FUNCTION = YES;
				GCC_WARN_UNUSED_VARIABLE = YES;
				IPHONEOS_DEPLOYMENT_TARGET = 7.0;
				ONLY_ACTIVE_ARCH = YES;
				SDKROOT = iphoneos;
				TARGETED_DEVICE_FAMILY = "1,2";
			};
			name = Debug;
		};
		AD3A4597185BE73B002759BA /* Release */ = {
			isa = XCBuildConfiguration;
			buildSettings = {
				ALWAYS_SEARCH_USER_PATHS = NO;
				ARCHS = "$(ARCHS_STANDARD_INCLUDING_64_BIT)";
				CLANG_CXX_LANGUAGE_STANDARD = "gnu++0x";
				CLANG_CXX_LIBRARY = "libc++";
				CLANG_ENABLE_MODULES = YES;
				CLANG_ENABLE_OBJC_ARC = YES;
				CLANG_WARN_BOOL_CONVERSION = YES;
				CLANG_WARN_CONSTANT_CONVERSION = YES;
				CLANG_WARN_DIRECT_OBJC_ISA_USAGE = YES_ERROR;
				CLANG_WARN_EMPTY_BODY = YES;
				CLANG_WARN_ENUM_CONVERSION = YES;
				CLANG_WARN_INT_CONVERSION = YES;
				CLANG_WARN_OBJC_ROOT_CLASS = YES_ERROR;
				CLANG_WARN__DUPLICATE_METHOD_MATCH = YES;
				"CODE_SIGN_IDENTITY[sdk=iphoneos*]" = "iPhone Developer";
				COPY_PHASE_STRIP = YES;
				ENABLE_NS_ASSERTIONS = NO;
				GCC_C_LANGUAGE_STANDARD = gnu99;
				GCC_WARN_64_TO_32_BIT_CONVERSION = YES;
				GCC_WARN_ABOUT_RETURN_TYPE = YES_ERROR;
				GCC_WARN_UNDECLARED_SELECTOR = YES;
				GCC_WARN_UNINITIALIZED_AUTOS = YES;
				GCC_WARN_UNUSED_FUNCTION = YES;
				GCC_WARN_UNUSED_VARIABLE = YES;
				IPHONEOS_DEPLOYMENT_TARGET = 7.0;
				SDKROOT = iphoneos;
				TARGETED_DEVICE_FAMILY = "1,2";
				VALIDATE_PRODUCT = YES;
			};
			name = Release;
		};
		AD3A4599185BE73B002759BA /* Debug */ = {
			isa = XCBuildConfiguration;
			buildSettings = {
				ASSETCATALOG_COMPILER_APPICON_NAME = AppIcon;
				ASSETCATALOG_COMPILER_LAUNCHIMAGE_NAME = LaunchImage;
				FRAMEWORK_SEARCH_PATHS = (
					"$(inherited)",
					"$(DEVELOPER_FRAMEWORKS_DIR)",
					/Users/rachelmills/Desktop/RentEasy,
				);
				GCC_PRECOMPILE_PREFIX_HEADER = YES;
				GCC_PREFIX_HEADER = "RentEasy/RentEasy-Prefix.pch";
				INFOPLIST_FILE = "RentEasy/RentEasy-Info.plist";
				LIBRARY_SEARCH_PATHS = (
					"$(inherited)",
					"/Users/rachelmills/Desktop/RentEasy/ocmock-master/Examples/iOS5Example/usr/lib",
					"/Users/rachelmills/Desktop/RentEasy/ocmock-master/Examples/iPhoneExample/Libraries",
				);
				PRODUCT_NAME = "$(TARGET_NAME)";
				WRAPPER_EXTENSION = app;
			};
			name = Debug;
		};
		AD3A459A185BE73B002759BA /* Release */ = {
			isa = XCBuildConfiguration;
			buildSettings = {
				ASSETCATALOG_COMPILER_APPICON_NAME = AppIcon;
				ASSETCATALOG_COMPILER_LAUNCHIMAGE_NAME = LaunchImage;
				FRAMEWORK_SEARCH_PATHS = (
					"$(inherited)",
					"$(DEVELOPER_FRAMEWORKS_DIR)",
					/Users/rachelmills/Desktop/RentEasy,
				);
				GCC_PRECOMPILE_PREFIX_HEADER = YES;
				GCC_PREFIX_HEADER = "RentEasy/RentEasy-Prefix.pch";
				INFOPLIST_FILE = "RentEasy/RentEasy-Info.plist";
				LIBRARY_SEARCH_PATHS = (
					"$(inherited)",
					"/Users/rachelmills/Desktop/RentEasy/ocmock-master/Examples/iOS5Example/usr/lib",
					"/Users/rachelmills/Desktop/RentEasy/ocmock-master/Examples/iPhoneExample/Libraries",
				);
				PRODUCT_NAME = "$(TARGET_NAME)";
				WRAPPER_EXTENSION = app;
			};
			name = Release;
		};
		AD3A459C185BE73B002759BA /* Debug */ = {
			isa = XCBuildConfiguration;
			buildSettings = {
				ARCHS = "$(ARCHS_STANDARD_INCLUDING_64_BIT)";
				BUNDLE_LOADER = "$(BUILT_PRODUCTS_DIR)/RentEasy.app/RentEasy";
				FRAMEWORK_SEARCH_PATHS = (
					"$(SDKROOT)/Developer/Library/Frameworks",
					"$(inherited)",
					"$(DEVELOPER_FRAMEWORKS_DIR)",
				);
				GCC_PRECOMPILE_PREFIX_HEADER = YES;
				GCC_PREFIX_HEADER = "RentEasy/RentEasy-Prefix.pch";
				GCC_PREPROCESSOR_DEFINITIONS = (
					"DEBUG=1",
					"$(inherited)",
				);
				INFOPLIST_FILE = "RentEasyTests/RentEasyTests-Info.plist";
				PRODUCT_NAME = "$(TARGET_NAME)";
				TEST_HOST = "$(BUNDLE_LOADER)";
				WRAPPER_EXTENSION = xctest;
			};
			name = Debug;
		};
		AD3A459D185BE73B002759BA /* Release */ = {
			isa = XCBuildConfiguration;
			buildSettings = {
				ARCHS = "$(ARCHS_STANDARD_INCLUDING_64_BIT)";
				BUNDLE_LOADER = "$(BUILT_PRODUCTS_DIR)/RentEasy.app/RentEasy";
				FRAMEWORK_SEARCH_PATHS = (
					"$(SDKROOT)/Developer/Library/Frameworks",
					"$(inherited)",
					"$(DEVELOPER_FRAMEWORKS_DIR)",
				);
				GCC_PRECOMPILE_PREFIX_HEADER = YES;
				GCC_PREFIX_HEADER = "RentEasy/RentEasy-Prefix.pch";
				INFOPLIST_FILE = "RentEasyTests/RentEasyTests-Info.plist";
				PRODUCT_NAME = "$(TARGET_NAME)";
				TEST_HOST = "$(BUNDLE_LOADER)";
				WRAPPER_EXTENSION = xctest;
			};
			name = Release;
		};
/* End XCBuildConfiguration section */

/* Begin XCConfigurationList section */
		AD3A455E185BE73B002759BA /* Build configuration list for PBXProject "RentEasy" */ = {
			isa = XCConfigurationList;
			buildConfigurations = (
				AD3A4596185BE73B002759BA /* Debug */,
				AD3A4597185BE73B002759BA /* Release */,
			);
			defaultConfigurationIsVisible = 0;
			defaultConfigurationName = Release;
		};
		AD3A4598185BE73B002759BA /* Build configuration list for PBXNativeTarget "RentEasy" */ = {
			isa = XCConfigurationList;
			buildConfigurations = (
				AD3A4599185BE73B002759BA /* Debug */,
				AD3A459A185BE73B002759BA /* Release */,
			);
			defaultConfigurationIsVisible = 0;
			defaultConfigurationName = Release;
		};
		AD3A459B185BE73B002759BA /* Build configuration list for PBXNativeTarget "RentEasyTests" */ = {
			isa = XCConfigurationList;
			buildConfigurations = (
				AD3A459C185BE73B002759BA /* Debug */,
				AD3A459D185BE73B002759BA /* Release */,
			);
			defaultConfigurationIsVisible = 0;
			defaultConfigurationName = Release;
		};
/* End XCConfigurationList section */
	};
	rootObject = AD3A455B185BE73B002759BA /* Project object */;
}
